
Microsoft Visual Studio Solution File, Format Version 12.00
Project("{FAE04EC0-301F-11D3-BF4B-00C04F79EFBC}") = "HostelManager.API", "HostelManager.API\HostelManager.API.csproj", "{79A16CA1-9124-4E8D-9AC0-453BB77807CF}"
EndProject
Global
	GlobalSection(SolutionConfigurationPlatforms) = preSolution
		Debug|Any CPU = Debug|Any CPU
		Release|Any CPU = Release|Any CPU
	EndGlobalSection
	GlobalSection(ProjectConfigurationPlatforms) = postSolution
		{79A16CA1-9124-4E8D-9AC0-453BB77807CF}.Debug|Any CPU.ActiveCfg = Debug|Any CPU
		{79A16CA1-9124-4E8D-9AC0-453BB77807CF}.Debug|Any CPU.Build.0 = Debug|Any CPU
		{79A16CA1-9124-4E8D-9AC0-453BB77807CF}.Release|Any CPU.ActiveCfg = Release|Any CPU
		{79A16CA1-9124-4E8D-9AC0-453BB77807CF}.Release|Any CPU.Build.0 = Release|Any CPU
	EndGlobalSection
EndGlobal
